
Microsoft Visual Studio Solution File, Format Version 12.00
# Visual Studio Version 16
VisualStudioVersion = 16.0.30907.101
MinimumVisualStudioVersion = 10.0.40219.1
Project("{FAE04EC0-301F-11D3-BF4B-00C04F79EFBC}") = "Introduction", "Introduction\Introduction.csproj", "{A22005E7-F40D-480A-A9C1-C17797D9047B}"
EndProject
Project("{FAE04EC0-301F-11D3-BF4B-00C04F79EFBC}") = "CodeBlocksAndStatements", "CodeBlocksAndStatements\CodeBlocksAndStatements.csproj", "{610B606C-ADB4-4F99-8A5B-BF6D358C9BCD}"
EndProject
Project("{2150E333-8FDC-42A3-9474-1A3956D46DE8}") = "Basic Operators", "Basic Operators", "{619107DC-96B0-42E7-8CB1-216276FBB5D5}"
EndProject
Project("{FAE04EC0-301F-11D3-BF4B-00C04F79EFBC}") = "ArithmeticOperators", "ArithmeticOperators\ArithmeticOperators.csproj", "{0AF13A6C-2FF8-4BBD-B09C-D8F40BC4B4E0}"
EndProject
Project("{FAE04EC0-301F-11D3-BF4B-00C04F79EFBC}") = "AssignmentOperators", "AssignmentOperators\AssignmentOperators.csproj", "{BDE73EF3-39C8-435B-9955-91CFBF79DC94}"
EndProject
Project("{FAE04EC0-301F-11D3-BF4B-00C04F79EFBC}") = "ComparisonOperators", "ComparisonOperators\ComparisonOperators.csproj", "{4B7D5BA1-735C-42C8-AA0C-BD5AA19407BB}"
EndProject
Project("{FAE04EC0-301F-11D3-BF4B-00C04F79EFBC}") = "LogicalOperators", "LogicalOperators\LogicalOperators.csproj", "{9FB77D94-1462-4D64-89AC-19A43163C4F8}"
EndProject
Project("{FAE04EC0-301F-11D3-BF4B-00C04F79EFBC}") = "StringConcatenation", "StringConcatenation\StringConcatenation.csproj", "{3256FEDA-1D76-4803-AD97-DF1FEAAD296D}"
EndProject
Project("{2150E333-8FDC-42A3-9474-1A3956D46DE8}") = "Flow of Execution", "Flow of Execution", "{7E811035-D861-4D46-B9DC-FB799830D483}"
EndProject
Project("{2150E333-8FDC-42A3-9474-1A3956D46DE8}") = "Basic Syntax", "Basic Syntax", "{2FF1E1E5-66CA-45FA-95E6-E7C6E1CB1F22}"
EndProject
Project("{2150E333-8FDC-42A3-9474-1A3956D46DE8}") = "LINQ", "LINQ", "{0D9C77BB-A4EC-4D81-98A3-8B7B97E5CF7B}"
EndProject
Project("{2150E333-8FDC-42A3-9474-1A3956D46DE8}") = "OOP", "OOP", "{E0EE35E8-6E09-48F4-9823-E97B29CFC544}"
EndProject
Project("{2150E333-8FDC-42A3-9474-1A3956D46DE8}") = "Async", "Async", "{3FEFC133-BCE5-4D6B-B643-7AF770E158D6}"
EndProject
Project("{FAE04EC0-301F-11D3-BF4B-00C04F79EFBC}") = "Branching", "Branching\Branching.csproj", "{2FB9777E-D815-42D3-8EB1-8FEA26D302EB}"
EndProject
Project("{FAE04EC0-301F-11D3-BF4B-00C04F79EFBC}") = "Looping", "Looping\Looping.csproj", "{6C14D1E2-B693-4227-BF87-85072F2AE16A}"
EndProject
Project("{FAE04EC0-301F-11D3-BF4B-00C04F79EFBC}") = "Jumping", "Jumping\Jumping.csproj", "{274FFEF8-A239-4624-883F-06268A92CFB2}"
EndProject
Project("{FAE04EC0-301F-11D3-BF4B-00C04F79EFBC}") = "Switching", "Switching\Switching.csproj", "{29FD6E16-FCBD-4D12-97EC-938CE15B74CD}"
EndProject
Project("{FAE04EC0-301F-11D3-BF4B-00C04F79EFBC}") = "Returning", "Returning\Returning.csproj", "{2CC432FB-B163-4694-A492-4F2F5F94918A}"
EndProject
Project("{FAE04EC0-301F-11D3-BF4B-00C04F79EFBC}") = "ErrorHandling", "ErrorHandling\ErrorHandling.csproj", "{A44BA1E4-12BB-40BB-82E9-AC34E0DBD749}"
EndProject
Project("{2150E333-8FDC-42A3-9474-1A3956D46DE8}") = "Objects, Classes, Types", "Objects, Classes, Types", "{739B07A5-23F8-4BAF-9A44-D4BC1DD7D0AA}"
EndProject
Global
	GlobalSection(SolutionConfigurationPlatforms) = preSolution
		Debug|Any CPU = Debug|Any CPU
		Release|Any CPU = Release|Any CPU
	EndGlobalSection
	GlobalSection(ProjectConfigurationPlatforms) = postSolution
		{A22005E7-F40D-480A-A9C1-C17797D9047B}.Debug|Any CPU.ActiveCfg = Debug|Any CPU
		{A22005E7-F40D-480A-A9C1-C17797D9047B}.Debug|Any CPU.Build.0 = Debug|Any CPU
		{A22005E7-F40D-480A-A9C1-C17797D9047B}.Release|Any CPU.ActiveCfg = Release|Any CPU
		{A22005E7-F40D-480A-A9C1-C17797D9047B}.Release|Any CPU.Build.0 = Release|Any CPU
		{610B606C-ADB4-4F99-8A5B-BF6D358C9BCD}.Debug|Any CPU.ActiveCfg = Debug|Any CPU
		{610B606C-ADB4-4F99-8A5B-BF6D358C9BCD}.Debug|Any CPU.Build.0 = Debug|Any CPU
		{610B606C-ADB4-4F99-8A5B-BF6D358C9BCD}.Release|Any CPU.ActiveCfg = Release|Any CPU
		{610B606C-ADB4-4F99-8A5B-BF6D358C9BCD}.Release|Any CPU.Build.0 = Release|Any CPU
		{0AF13A6C-2FF8-4BBD-B09C-D8F40BC4B4E0}.Debug|Any CPU.ActiveCfg = Debug|Any CPU
		{0AF13A6C-2FF8-4BBD-B09C-D8F40BC4B4E0}.Debug|Any CPU.Build.0 = Debug|Any CPU
		{0AF13A6C-2FF8-4BBD-B09C-D8F40BC4B4E0}.Release|Any CPU.ActiveCfg = Release|Any CPU
		{0AF13A6C-2FF8-4BBD-B09C-D8F40BC4B4E0}.Release|Any CPU.Build.0 = Release|Any CPU
		{BDE73EF3-39C8-435B-9955-91CFBF79DC94}.Debug|Any CPU.ActiveCfg = Debug|Any CPU
		{BDE73EF3-39C8-435B-9955-91CFBF79DC94}.Debug|Any CPU.Build.0 = Debug|Any CPU
		{BDE73EF3-39C8-435B-9955-91CFBF79DC94}.Release|Any CPU.ActiveCfg = Release|Any CPU
		{BDE73EF3-39C8-435B-9955-91CFBF79DC94}.Release|Any CPU.Build.0 = Release|Any CPU
		{4B7D5BA1-735C-42C8-AA0C-BD5AA19407BB}.Debug|Any CPU.ActiveCfg = Debug|Any CPU
		{4B7D5BA1-735C-42C8-AA0C-BD5AA19407BB}.Debug|Any CPU.Build.0 = Debug|Any CPU
		{4B7D5BA1-735C-42C8-AA0C-BD5AA19407BB}.Release|Any CPU.ActiveCfg = Release|Any CPU
		{4B7D5BA1-735C-42C8-AA0C-BD5AA19407BB}.Release|Any CPU.Build.0 = Release|Any CPU
		{9FB77D94-1462-4D64-89AC-19A43163C4F8}.Debug|Any CPU.ActiveCfg = Debug|Any CPU
		{9FB77D94-1462-4D64-89AC-19A43163C4F8}.Debug|Any CPU.Build.0 = Debug|Any CPU
		{9FB77D94-1462-4D64-89AC-19A43163C4F8}.Release|Any CPU.ActiveCfg = Release|Any CPU
		{9FB77D94-1462-4D64-89AC-19A43163C4F8}.Release|Any CPU.Build.0 = Release|Any CPU
		{3256FEDA-1D76-4803-AD97-DF1FEAAD296D}.Debug|Any CPU.ActiveCfg = Debug|Any CPU
		{3256FEDA-1D76-4803-AD97-DF1FEAAD296D}.Debug|Any CPU.Build.0 = Debug|Any CPU
		{3256FEDA-1D76-4803-AD97-DF1FEAAD296D}.Release|Any CPU.ActiveCfg = Release|Any CPU
		{3256FEDA-1D76-4803-AD97-DF1FEAAD296D}.Release|Any CPU.Build.0 = Release|Any CPU
		{2FB9777E-D815-42D3-8EB1-8FEA26D302EB}.Debug|Any CPU.ActiveCfg = Debug|Any CPU
		{2FB9777E-D815-42D3-8EB1-8FEA26D302EB}.Debug|Any CPU.Build.0 = Debug|Any CPU
		{2FB9777E-D815-42D3-8EB1-8FEA26D302EB}.Release|Any CPU.ActiveCfg = Release|Any CPU
		{2FB9777E-D815-42D3-8EB1-8FEA26D302EB}.Release|Any CPU.Build.0 = Release|Any CPU
		{6C14D1E2-B693-4227-BF87-85072F2AE16A}.Debug|Any CPU.ActiveCfg = Debug|Any CPU
		{6C14D1E2-B693-4227-BF87-85072F2AE16A}.Debug|Any CPU.Build.0 = Debug|Any CPU
		{6C14D1E2-B693-4227-BF87-85072F2AE16A}.Release|Any CPU.ActiveCfg = Release|Any CPU
		{6C14D1E2-B693-4227-BF87-85072F2AE16A}.Release|Any CPU.Build.0 = Release|Any CPU
		{274FFEF8-A239-4624-883F-06268A92CFB2}.Debug|Any CPU.ActiveCfg = Debug|Any CPU
		{274FFEF8-A239-4624-883F-06268A92CFB2}.Debug|Any CPU.Build.0 = Debug|Any CPU
		{274FFEF8-A239-4624-883F-06268A92CFB2}.Release|Any CPU.ActiveCfg = Release|Any CPU
		{274FFEF8-A239-4624-883F-06268A92CFB2}.Release|Any CPU.Build.0 = Release|Any CPU
		{29FD6E16-FCBD-4D12-97EC-938CE15B74CD}.Debug|Any CPU.ActiveCfg = Debug|Any CPU
		{29FD6E16-FCBD-4D12-97EC-938CE15B74CD}.Debug|Any CPU.Build.0 = Debug|Any CPU
		{29FD6E16-FCBD-4D12-97EC-938CE15B74CD}.Release|Any CPU.ActiveCfg = Release|Any CPU
		{29FD6E16-FCBD-4D12-97EC-938CE15B74CD}.Release|Any CPU.Build.0 = Release|Any CPU
		{2CC432FB-B163-4694-A492-4F2F5F94918A}.Debug|Any CPU.ActiveCfg = Debug|Any CPU
		{2CC432FB-B163-4694-A492-4F2F5F94918A}.Debug|Any CPU.Build.0 = Debug|Any CPU
		{2CC432FB-B163-4694-A492-4F2F5F94918A}.Release|Any CPU.ActiveCfg = Release|Any CPU
		{2CC432FB-B163-4694-A492-4F2F5F94918A}.Release|Any CPU.Build.0 = Release|Any CPU
		{A44BA1E4-12BB-40BB-82E9-AC34E0DBD749}.Debug|Any CPU.ActiveCfg = Debug|Any CPU
		{A44BA1E4-12BB-40BB-82E9-AC34E0DBD749}.Debug|Any CPU.Build.0 = Debug|Any CPU
		{A44BA1E4-12BB-40BB-82E9-AC34E0DBD749}.Release|Any CPU.ActiveCfg = Release|Any CPU
		{A44BA1E4-12BB-40BB-82E9-AC34E0DBD749}.Release|Any CPU.Build.0 = Release|Any CPU
	EndGlobalSection
	GlobalSection(SolutionProperties) = preSolution
		HideSolutionNode = FALSE
	EndGlobalSection
	GlobalSection(NestedProjects) = preSolution
		{610B606C-ADB4-4F99-8A5B-BF6D358C9BCD} = {2FF1E1E5-66CA-45FA-95E6-E7C6E1CB1F22}
		{0AF13A6C-2FF8-4BBD-B09C-D8F40BC4B4E0} = {619107DC-96B0-42E7-8CB1-216276FBB5D5}
		{BDE73EF3-39C8-435B-9955-91CFBF79DC94} = {619107DC-96B0-42E7-8CB1-216276FBB5D5}
		{4B7D5BA1-735C-42C8-AA0C-BD5AA19407BB} = {619107DC-96B0-42E7-8CB1-216276FBB5D5}
		{9FB77D94-1462-4D64-89AC-19A43163C4F8} = {619107DC-96B0-42E7-8CB1-216276FBB5D5}
		{3256FEDA-1D76-4803-AD97-DF1FEAAD296D} = {619107DC-96B0-42E7-8CB1-216276FBB5D5}
		{2FB9777E-D815-42D3-8EB1-8FEA26D302EB} = {7E811035-D861-4D46-B9DC-FB799830D483}
		{6C14D1E2-B693-4227-BF87-85072F2AE16A} = {7E811035-D861-4D46-B9DC-FB799830D483}
		{274FFEF8-A239-4624-883F-06268A92CFB2} = {7E811035-D861-4D46-B9DC-FB799830D483}
		{29FD6E16-FCBD-4D12-97EC-938CE15B74CD} = {7E811035-D861-4D46-B9DC-FB799830D483}
		{2CC432FB-B163-4694-A492-4F2F5F94918A} = {7E811035-D861-4D46-B9DC-FB799830D483}
		{A44BA1E4-12BB-40BB-82E9-AC34E0DBD749} = {7E811035-D861-4D46-B9DC-FB799830D483}
	EndGlobalSection
	GlobalSection(ExtensibilityGlobals) = postSolution
		SolutionGuid = {0C2A2445-A4F2-4261-BCDB-EEFFC01D03EF}
	EndGlobalSection
EndGlobal
